
Microsoft Visual Studio Solution File, Format Version 12.00
# Visual Studio Version 17
VisualStudioVersion = 17.12.35527.113 d17.12
MinimumVisualStudioVersion = 10.0.40219.1
Project("{FAE04EC0-301F-11D3-BF4B-00C04F79EFBC}") = "confecionesElcondorMVC", "confecionesElcondorMVC\confecionesElcondorMVC.csproj", "{CCDF67C4-3169-4974-BCCC-7D3DBB9730E3}"
EndProject
Global
	GlobalSection(SolutionConfigurationPlatforms) = preSolution
		Debug|Any CPU = Debug|Any CPU
		Release|Any CPU = Release|Any CPU
	EndGlobalSection
	GlobalSection(ProjectConfigurationPlatforms) = postSolution
		{CCDF67C4-3169-4974-BCCC-7D3DBB9730E3}.Debug|Any CPU.ActiveCfg = Debug|Any CPU
		{CCDF67C4-3169-4974-BCCC-7D3DBB9730E3}.Debug|Any CPU.Build.0 = Debug|Any CPU
		{CCDF67C4-3169-4974-BCCC-7D3DBB9730E3}.Release|Any CPU.ActiveCfg = Release|Any CPU
		{CCDF67C4-3169-4974-BCCC-7D3DBB9730E3}.Release|Any CPU.Build.0 = Release|Any CPU
	EndGlobalSection
	GlobalSection(SolutionProperties) = preSolution
		HideSolutionNode = FALSE
	EndGlobalSection
EndGlobal
